
Microsoft Visual Studio Solution File, Format Version 12.00
# Visual Studio Version 16
VisualStudioVersion = 16.0.28803.202
MinimumVisualStudioVersion = 10.0.40219.1
Project("{FAE04EC0-301F-11D3-BF4B-00C04F79EFBC}") = "ЛР7", "ЛР7\ЛР7.csproj", "{2531DD65-C6FA-447E-81DB-615D812CB5B2}"
EndProject
Global
	GlobalSection(SolutionConfigurationPlatforms) = preSolution
		Debug|Any CPU = Debug|Any CPU
		Release|Any CPU = Release|Any CPU
	EndGlobalSection
	GlobalSection(ProjectConfigurationPlatforms) = postSolution
		{2531DD65-C6FA-447E-81DB-615D812CB5B2}.Debug|Any CPU.ActiveCfg = Debug|Any CPU
		{2531DD65-C6FA-447E-81DB-615D812CB5B2}.Debug|Any CPU.Build.0 = Debug|Any CPU
		{2531DD65-C6FA-447E-81DB-615D812CB5B2}.Release|Any CPU.ActiveCfg = Release|Any CPU
		{2531DD65-C6FA-447E-81DB-615D812CB5B2}.Release|Any CPU.Build.0 = Release|Any CPU
	EndGlobalSection
	GlobalSection(SolutionProperties) = preSolution
		HideSolutionNode = FALSE
	EndGlobalSection
	GlobalSection(ExtensibilityGlobals) = postSolution
		SolutionGuid = {D70F8C80-616E-4C1E-B195-FC6299511A66}
	EndGlobalSection
EndGlobal
